
Microsoft Visual Studio Solution File, Format Version 12.00
# Visual Studio 14
VisualStudioVersion = 14.0.25420.1
MinimumVisualStudioVersion = 10.0.40219.1
Project("{E24C65DC-7377-472B-9ABA-BC803B73C61A}") = "Stock-Cobranzas", ".", "{5D1D3587-718A-401F-8F5B-E10087847214}"
	ProjectSection(WebsiteProperties) = preProject
		TargetFrameworkMoniker = ".NETFramework,Version%3Dv4.5.2"
		Debug.AspNetCompiler.VirtualPath = "/localhost_20462"
		Debug.AspNetCompiler.PhysicalPath = "..\..\..\..\..\Source\Repos\Stock-Cobranzas\"
		Debug.AspNetCompiler.TargetPath = "PrecompiledWeb\localhost_20462\"
		Debug.AspNetCompiler.Updateable = "true"
		Debug.AspNetCompiler.ForceOverwrite = "true"
		Debug.AspNetCompiler.FixedNames = "false"
		Debug.AspNetCompiler.Debug = "True"
		Release.AspNetCompiler.VirtualPath = "/localhost_20462"
		Release.AspNetCompiler.PhysicalPath = "..\..\..\..\..\Source\Repos\Stock-Cobranzas\"
		Release.AspNetCompiler.TargetPath = "PrecompiledWeb\localhost_20462\"
		Release.AspNetCompiler.Updateable = "true"
		Release.AspNetCompiler.ForceOverwrite = "true"
		Release.AspNetCompiler.FixedNames = "false"
		Release.AspNetCompiler.Debug = "False"
		VWDPort = "20462"
	EndProjectSection
EndProject
Global
	GlobalSection(SolutionConfigurationPlatforms) = preSolution
		Debug|Any CPU = Debug|Any CPU
	EndGlobalSection
	GlobalSection(ProjectConfigurationPlatforms) = postSolution
		{5D1D3587-718A-401F-8F5B-E10087847214}.Debug|Any CPU.ActiveCfg = Debug|Any CPU
		{5D1D3587-718A-401F-8F5B-E10087847214}.Debug|Any CPU.Build.0 = Debug|Any CPU
	EndGlobalSection
	GlobalSection(SolutionProperties) = preSolution
		HideSolutionNode = FALSE
	EndGlobalSection
EndGlobal
